{
  "name": "my-vue-app",
  "version": "0.0.0",
  "lockfileVersion": 1,
  "requires": true,
  "dependencies": {
    "@babel/parser": {
      "version": "7.17.3",
      "resolved": "http://af.hikvision.com.cn:80/artifactory/api/npm/npm-down/@babel/parser/-/parser-7.17.3.tgz",
      "integrity": "sha1-sHcCuYKZC/b9wdpQSaI/7OTFw9A="
    },
    "@vitejs/plugin-vue": {
      "version": "2.2.0",
      "resolved": "http://af.hikvision.com.cn:80/artifactory/api/npm/npm-down/@vitejs/plugin-vue/-/plugin-vue-2.2.0.tgz",
      "integrity": "sha1-oK/+PuCfcKmhQVvTnA+KWPp4tBk=",
      "dev": true
    },
    "@vue/compiler-core": {
      "version": "3.2.31",
      "resolved": "http://af.hikvision.com.cn:80/artifactory/api/npm/npm-down/@vue/compiler-core/-/compiler-core-3.2.31.tgz",
      "integrity": "sha1-048Gws+EV0JAO1I6tFlqP9oVLok=",
      "requires": {
        "@babel/parser": "^7.16.4",
        "@vue/shared": "3.2.31",
        "estree-walker": "^2.0.2",
        "source-map": "^0.6.1"
      }
    },
    "@vue/compiler-dom": {
      "version": "3.2.31",
      "resolved": "http://af.hikvision.com.cn:80/artifactory/api/npm/npm-down/@vue/compiler-dom/-/compiler-dom-3.2.31.tgz",
      "integrity": "sha1-sbffrVXJbIzCuRnNfrX9fk3b8A4=",
      "requires": {
        "@vue/compiler-core": "3.2.31",
        "@vue/shared": "3.2.31"
      }
    },
    "@vue/compiler-sfc": {
      "version": "3.2.31",
      "resolved": "http://af.hikvision.com.cn:80/artifactory/api/npm/npm-down/@vue/compiler-sfc/-/compiler-sfc-3.2.31.tgz",
      "integrity": "sha1-0Cspw/401ZmlLFrhxpN7TWnxHC8=",
      "requires": {
        "@babel/parser": "^7.16.4",
        "@vue/compiler-core": "3.2.31",
        "@vue/compiler-dom": "3.2.31",
        "@vue/compiler-ssr": "3.2.31",
        "@vue/reactivity-transform": "3.2.31",
        "@vue/shared": "3.2.31",
        "estree-walker": "^2.0.2",
        "magic-string": "^0.25.7",
        "postcss": "^8.1.10",
        "source-map": "^0.6.1"
      }
    },
    "@vue/compiler-ssr": {
      "version": "3.2.31",
      "resolved": "http://af.hikvision.com.cn:80/artifactory/api/npm/npm-down/@vue/compiler-ssr/-/compiler-ssr-3.2.31.tgz",
      "integrity": "sha1-T6APSGycRYC0CkF3hx671lDsuZw=",
      "requires": {
        "@vue/compiler-dom": "3.2.31",
        "@vue/shared": "3.2.31"
      }
    },
    "@vue/devtools-api": {
      "version": "6.0.12",
      "resolved": "http://af.hikvision.com.cn:80/artifactory/api/npm/npm-down/@vue/devtools-api/-/devtools-api-6.0.12.tgz",
      "integrity": "sha1-e1fM4hWunzeoaYRjOzqj1ZWqW0Y="
    },
    "@vue/reactivity": {
      "version": "3.2.31",
      "resolved": "http://af.hikvision.com.cn:80/artifactory/api/npm/npm-down/@vue/reactivity/-/reactivity-3.2.31.tgz",
      "integrity": "sha1-/JCqLN9pVBi3nlNHg6ypDWOka70=",
      "requires": {
        "@vue/shared": "3.2.31"
      }
    },
    "@vue/reactivity-transform": {
      "version": "3.2.31",
      "resolved": "http://af.hikvision.com.cn:80/artifactory/api/npm/npm-down/@vue/reactivity-transform/-/reactivity-transform-3.2.31.tgz",
      "integrity": "sha1-D1slwk5w7asrYT1TBcRltQ/ACRE=",
      "requires": {
        "@babel/parser": "^7.16.4",
        "@vue/compiler-core": "3.2.31",
        "@vue/shared": "3.2.31",
        "estree-walker": "^2.0.2",
        "magic-string": "^0.25.7"
      }
    },
    "@vue/runtime-core": {
      "version": "3.2.31",
      "resolved": "http://af.hikvision.com.cn:80/artifactory/api/npm/npm-down/@vue/runtime-core/-/runtime-core-3.2.31.tgz",
      "integrity": "sha1-nShMOC9fmBt6e1lxBSodxO85rHo=",
      "requires": {
        "@vue/reactivity": "3.2.31",
        "@vue/shared": "3.2.31"
      }
    },
    "@vue/runtime-dom": {
      "version": "3.2.31",
      "resolved": "http://af.hikvision.com.cn:80/artifactory/api/npm/npm-down/@vue/runtime-dom/-/runtime-dom-3.2.31.tgz",
      "integrity": "sha1-ec4BgXyzyvLJ2SP2abc40teVPv8=",
      "requires": {
        "@vue/runtime-core": "3.2.31",
        "@vue/shared": "3.2.31",
        "csstype": "^2.6.8"
      }
    },
    "@vue/server-renderer": {
      "version": "3.2.31",
      "resolved": "http://af.hikvision.com.cn:80/artifactory/api/npm/npm-down/@vue/server-renderer/-/server-renderer-3.2.31.tgz",
      "integrity": "sha1-IB6dbOc1hH1ZiUA6+B74CWDacUE=",
      "requires": {
        "@vue/compiler-ssr": "3.2.31",
        "@vue/shared": "3.2.31"
      }
    },
    "@vue/shared": {
      "version": "3.2.31",
      "resolved": "http://af.hikvision.com.cn:80/artifactory/api/npm/npm-down/@vue/shared/-/shared-3.2.31.tgz",
      "integrity": "sha1-yQ3nEm2DPc06THU01TS+L7Qfqk4="
    },
    "accepts": {
      "version": "1.3.8",
      "resolved": "http://af.hikvision.com.cn:80/artifactory/api/npm/npm-down/accepts/-/accepts-1.3.8.tgz",
      "integrity": "sha1-C/C+EltnAUrcsLCSHmLbe//hay4=",
      "requires": {
        "mime-types": "~2.1.34",
        "negotiator": "0.6.3"
      }
    },
    "array-flatten": {
      "version": "1.1.1",
      "resolved": "http://af.hikvision.com.cn:80/artifactory/api/npm/npm-down/array-flatten/-/array-flatten-1.1.1.tgz",
      "integrity": "sha1-ml9pkFGx5wczKPKgCJaLZOopVdI="
    },
    "body-parser": {
      "version": "1.19.2",
      "resolved": "http://af.hikvision.com.cn:80/artifactory/api/npm/npm-down/body-parser/-/body-parser-1.19.2.tgz",
      "integrity": "sha1-RxTM2cFX1EeXuLVgfXLAuJlS8m4=",
      "requires": {
        "bytes": "3.1.2",
        "content-type": "~1.0.4",
        "debug": "2.6.9",
        "depd": "~1.1.2",
        "http-errors": "1.8.1",
        "iconv-lite": "0.4.24",
        "on-finished": "~2.3.0",
        "qs": "6.9.7",
        "raw-body": "2.4.3",
        "type-is": "~1.6.18"
      }
    },
    "bytes": {
      "version": "3.1.2",
      "resolved": "http://af.hikvision.com.cn:80/artifactory/api/npm/npm-down/bytes/-/bytes-3.1.2.tgz",
      "integrity": "sha1-iwvuuYYFrfGxKPpDhkA8AJ4CIaU="
    },
    "content-disposition": {
      "version": "0.5.4",
      "resolved": "http://af.hikvision.com.cn:80/artifactory/api/npm/npm-down/content-disposition/-/content-disposition-0.5.4.tgz",
      "integrity": "sha1-i4K076yCUSoCuwsdzsnSxejrW/4=",
      "requires": {
        "safe-buffer": "5.2.1"
      }
    },
    "content-type": {
      "version": "1.0.4",
      "resolved": "http://af.hikvision.com.cn:80/artifactory/api/npm/npm-down/content-type/-/content-type-1.0.4.tgz",
      "integrity": "sha1-4TjMdeBAxyexlm/l5fjJruJW/js="
    },
    "cookie": {
      "version": "0.4.2",
      "resolved": "http://af.hikvision.com.cn:80/artifactory/api/npm/npm-down/cookie/-/cookie-0.4.2.tgz",
      "integrity": "sha1-DkHyTeXs8xeUfIL8eJ4GqISCRDI="
    },
    "cookie-signature": {
      "version": "1.0.6",
      "resolved": "http://af.hikvision.com.cn:80/artifactory/api/npm/npm-down/cookie-signature/-/cookie-signature-1.0.6.tgz",
      "integrity": "sha1-4wOogrNCzD7oylE6eZmXNNqzriw="
    },
    "csstype": {
      "version": "2.6.19",
      "resolved": "http://af.hikvision.com.cn:80/artifactory/api/npm/npm-down/csstype/-/csstype-2.6.19.tgz",
      "integrity": "sha1-/utarokCC7OJ4fY2aaXtSQ45HKo="
    },
    "debug": {
      "version": "2.6.9",
      "resolved": "http://af.hikvision.com.cn:80/artifactory/api/npm/npm-down/debug/-/debug-2.6.9.tgz",
      "integrity": "sha1-XRKFFd8TT/Mn6QpMk/Tgd6U2NB8=",
      "requires": {
        "ms": "2.0.0"
      }
    },
    "depd": {
      "version": "1.1.2",
      "resolved": "http://af.hikvision.com.cn:80/artifactory/api/npm/npm-down/depd/-/depd-1.1.2.tgz",
      "integrity": "sha1-m81S4UwJd2PnSbJ0xDRu0uVgtak="
    },
    "destroy": {
      "version": "1.0.4",
      "resolved": "http://af.hikvision.com.cn:80/artifactory/api/npm/npm-down/destroy/-/destroy-1.0.4.tgz",
      "integrity": "sha1-l4hXRCxEdJ5CBmE+N5RiBYJqvYA="
    },
    "ee-first": {
      "version": "1.1.1",
      "resolved": "http://af.hikvision.com.cn:80/artifactory/api/npm/npm-down/ee-first/-/ee-first-1.1.1.tgz",
      "integrity": "sha1-WQxhFWsK4vTwJVcyoViyZrxWsh0="
    },
    "encodeurl": {
      "version": "1.0.2",
      "resolved": "http://af.hikvision.com.cn:80/artifactory/api/npm/npm-down/encodeurl/-/encodeurl-1.0.2.tgz",
      "integrity": "sha1-rT/0yG7C0CkyL1oCw6mmBslbP1k="
    },
    "esbuild": {
      "version": "0.14.22",
      "resolved": "http://af.hikvision.com.cn:80/artifactory/api/npm/npm-down/esbuild/-/esbuild-0.14.22.tgz",
      "integrity": "sha1-K1X96J16paqq15GBbVj/nfxe0IU=",
      "dev": true,
      "requires": {
        "esbuild-android-arm64": "0.14.22",
        "esbuild-darwin-64": "0.14.22",
        "esbuild-darwin-arm64": "0.14.22",
        "esbuild-freebsd-64": "0.14.22",
        "esbuild-freebsd-arm64": "0.14.22",
        "esbuild-linux-32": "0.14.22",
        "esbuild-linux-64": "0.14.22",
        "esbuild-linux-arm": "0.14.22",
        "esbuild-linux-arm64": "0.14.22",
        "esbuild-linux-mips64le": "0.14.22",
        "esbuild-linux-ppc64le": "0.14.22",
        "esbuild-linux-riscv64": "0.14.22",
        "esbuild-linux-s390x": "0.14.22",
        "esbuild-netbsd-64": "0.14.22",
        "esbuild-openbsd-64": "0.14.22",
        "esbuild-sunos-64": "0.14.22",
        "esbuild-windows-32": "0.14.22",
        "esbuild-windows-64": "0.14.22",
        "esbuild-windows-arm64": "0.14.22"
      }
    },
    "esbuild-android-arm64": {
      "version": "0.14.22",
      "resolved": "http://af.hikvision.com.cn:80/artifactory/api/npm/npm-down/esbuild-android-arm64/-/esbuild-android-arm64-0.14.22.tgz",
      "integrity": "sha1-+wURaaYzB9lYrsha1ZbPx9d3AwM=",
      "dev": true,
      "optional": true
    },
    "esbuild-darwin-64": {
      "version": "0.14.22",
      "resolved": "http://af.hikvision.com.cn:80/artifactory/api/npm/npm-down/esbuild-darwin-64/-/esbuild-darwin-64-0.14.22.tgz",
      "integrity": "sha1-YV6gqd5ntXopOnEo16yD7jB6hW0=",
      "dev": true,
      "optional": true
    },
    "esbuild-darwin-arm64": {
      "version": "0.14.22",
      "resolved": "http://af.hikvision.com.cn:80/artifactory/api/npm/npm-down/esbuild-darwin-arm64/-/esbuild-darwin-arm64-0.14.22.tgz",
      "integrity": "sha1-ggVNz87LFcz9I3CTuACOd0Wpmtk=",
      "dev": true,
      "optional": true
    },
    "esbuild-freebsd-64": {
      "version": "0.14.22",
      "resolved": "http://af.hikvision.com.cn:80/artifactory/api/npm/npm-down/esbuild-freebsd-64/-/esbuild-freebsd-64-0.14.22.tgz",
      "integrity": "sha1-d4qBjFsHjVzda7bA4HlyF9GWmZs=",
      "dev": true,
      "optional": true
    },
    "esbuild-freebsd-arm64": {
      "version": "0.14.22",
      "resolved": "http://af.hikvision.com.cn:80/artifactory/api/npm/npm-down/esbuild-freebsd-arm64/-/esbuild-freebsd-arm64-0.14.22.tgz",
      "integrity": "sha1-GNqTufPbLgNvcjg7/nOyi3O7Myw=",
      "dev": true,
      "optional": true
    },
    "esbuild-linux-32": {
      "version": "0.14.22",
      "resolved": "http://af.hikvision.com.cn:80/artifactory/api/npm/npm-down/esbuild-linux-32/-/esbuild-linux-32-0.14.22.tgz",
      "integrity": "sha1-0NXZ9bs1NuF6wJfpUSAZxlt8AjQ=",
      "dev": true,
      "optional": true
    },
    "esbuild-linux-64": {
      "version": "0.14.22",
      "resolved": "http://af.hikvision.com.cn:80/artifactory/api/npm/npm-down/esbuild-linux-64/-/esbuild-linux-64-0.14.22.tgz",
      "integrity": "sha1-J3PVQJcZmep/OBB++S/KdT9qjDA=",
      "dev": true,
      "optional": true
    },
    "esbuild-linux-arm": {
      "version": "0.14.22",
      "resolved": "http://af.hikvision.com.cn:80/artifactory/api/npm/npm-down/esbuild-linux-arm/-/esbuild-linux-arm-0.14.22.tgz",
      "integrity": "sha1-xjkbP3yPptO5mn6JPOD0XzqSHu8=",
      "dev": true,
      "optional": true
    },
    "esbuild-linux-arm64": {
      "version": "0.14.22",
      "resolved": "http://af.hikvision.com.cn:80/artifactory/api/npm/npm-down/esbuild-linux-arm64/-/esbuild-linux-arm64-0.14.22.tgz",
      "integrity": "sha1-XUSAzm1r/6sd12ojFY9aWrM+e6Q=",
      "dev": true,
      "optional": true
    },
    "esbuild-linux-mips64le": {
      "version": "0.14.22",
      "resolved": "http://af.hikvision.com.cn:80/artifactory/api/npm/npm-down/esbuild-linux-mips64le/-/esbuild-linux-mips64le-0.14.22.tgz",
      "integrity": "sha1-LI2rrDVcUC6Gw4+fKSs1F9jhgfM=",
      "dev": true,
      "optional": true
    },
    "esbuild-linux-ppc64le": {
      "version": "0.14.22",
      "resolved": "http://af.hikvision.com.cn:80/artifactory/api/npm/npm-down/esbuild-linux-ppc64le/-/esbuild-linux-ppc64le-0.14.22.tgz",
      "integrity": "sha1-adcbKCDVyUMGBy2sYJS644530cA=",
      "dev": true,
      "optional": true
    },
    "esbuild-linux-riscv64": {
      "version": "0.14.22",
      "resolved": "http://af.hikvision.com.cn:80/artifactory/api/npm/npm-down/esbuild-linux-riscv64/-/esbuild-linux-riscv64-0.14.22.tgz",
      "integrity": "sha1-wOwPw6I2JN7r9ld4FVDSMpzsQhM=",
      "dev": true,
      "optional": true
    },
    "esbuild-linux-s390x": {
      "version": "0.14.22",
      "resolved": "http://af.hikvision.com.cn:80/artifactory/api/npm/npm-down/esbuild-linux-s390x/-/esbuild-linux-s390x-0.14.22.tgz",
      "integrity": "sha1-7Cr0Vy1jM2z7J/WlyFH7G2YX3ZE=",
      "dev": true,
      "optional": true
    },
    "esbuild-netbsd-64": {
      "version": "0.14.22",
      "resolved": "http://af.hikvision.com.cn:80/artifactory/api/npm/npm-down/esbuild-netbsd-64/-/esbuild-netbsd-64-0.14.22.tgz",
      "integrity": "sha1-DigyeOn9uqfwkw+T7hE9d1nNhl4=",
      "dev": true,
      "optional": true
    },
    "esbuild-openbsd-64": {
      "version": "0.14.22",
      "resolved": "http://af.hikvision.com.cn:80/artifactory/api/npm/npm-down/esbuild-openbsd-64/-/esbuild-openbsd-64-0.14.22.tgz",
      "integrity": "sha1-KnO7oE4W2O8nj74r6FJI4SovLMI=",
      "dev": true,
      "optional": true
    },
    "esbuild-sunos-64": {
      "version": "0.14.22",
      "resolved": "http://af.hikvision.com.cn:80/artifactory/api/npm/npm-down/esbuild-sunos-64/-/esbuild-sunos-64-0.14.22.tgz",
      "integrity": "sha1-j+A1E7iy5oKm151ePKWEllGjwdg=",
      "dev": true,
      "optional": true
    },
    "esbuild-windows-32": {
      "version": "0.14.22",
      "resolved": "http://af.hikvision.com.cn:80/artifactory/api/npm/npm-down/esbuild-windows-32/-/esbuild-windows-32-0.14.22.tgz",
      "integrity": "sha1-p132Hj5J3ykqGEK+jod6MVPuZE8=",
      "dev": true,
      "optional": true
    },
    "esbuild-windows-64": {
      "version": "0.14.22",
      "resolved": "http://af.hikvision.com.cn:80/artifactory/api/npm/npm-down/esbuild-windows-64/-/esbuild-windows-64-0.14.22.tgz",
      "integrity": "sha1-0Gz4u+SUW4v5WnMNhx5Uoi9jWUE=",
      "dev": true,
      "optional": true
    },
    "esbuild-windows-arm64": {
      "version": "0.14.22",
      "resolved": "http://af.hikvision.com.cn:80/artifactory/api/npm/npm-down/esbuild-windows-arm64/-/esbuild-windows-arm64-0.14.22.tgz",
      "integrity": "sha1-+LGwXFSAc76EE6XssS18L25xcic=",
      "dev": true,
      "optional": true
    },
    "escape-html": {
      "version": "1.0.3",
      "resolved": "http://af.hikvision.com.cn:80/artifactory/api/npm/npm-down/escape-html/-/escape-html-1.0.3.tgz",
      "integrity": "sha1-Aljq5NPQwJdN4cFpGI7wBR0dGYg="
    },
    "estree-walker": {
      "version": "2.0.2",
      "resolved": "http://af.hikvision.com.cn:80/artifactory/api/npm/npm-down/estree-walker/-/estree-walker-2.0.2.tgz",
      "integrity": "sha1-UvAQF4wqTBF6d1fP6UKtt9LaTKw="
    },
    "etag": {
      "version": "1.8.1",
      "resolved": "http://af.hikvision.com.cn:80/artifactory/api/npm/npm-down/etag/-/etag-1.8.1.tgz",
      "integrity": "sha1-Qa4u62XvpiJorr/qg6x9eSmbCIc="
    },
    "express": {
      "version": "4.17.3",
      "resolved": "http://af.hikvision.com.cn:80/artifactory/api/npm/npm-down/express/-/express-4.17.3.tgz",
      "integrity": "sha1-9scwIZSk+1QnG3Oh/noGR4yPhaE=",
      "requires": {
        "accepts": "~1.3.8",
        "array-flatten": "1.1.1",
        "body-parser": "1.19.2",
        "content-disposition": "0.5.4",
        "content-type": "~1.0.4",
        "cookie": "0.4.2",
        "cookie-signature": "1.0.6",
        "debug": "2.6.9",
        "depd": "~1.1.2",
        "encodeurl": "~1.0.2",
        "escape-html": "~1.0.3",
        "etag": "~1.8.1",
        "finalhandler": "~1.1.2",
        "fresh": "0.5.2",
        "merge-descriptors": "1.0.1",
        "methods": "~1.1.2",
        "on-finished": "~2.3.0",
        "parseurl": "~1.3.3",
        "path-to-regexp": "0.1.7",
        "proxy-addr": "~2.0.7",
        "qs": "6.9.7",
        "range-parser": "~1.2.1",
        "safe-buffer": "5.2.1",
        "send": "0.17.2",
        "serve-static": "1.14.2",
        "setprototypeof": "1.2.0",
        "statuses": "~1.5.0",
        "type-is": "~1.6.18",
        "utils-merge": "1.0.1",
        "vary": "~1.1.2"
      }
    },
    "finalhandler": {
      "version": "1.1.2",
      "resolved": "http://af.hikvision.com.cn:80/artifactory/api/npm/npm-down/finalhandler/-/finalhandler-1.1.2.tgz",
      "integrity": "sha1-t+fQAP/RGTjQ/bBTUG9uur6fWH0=",
      "requires": {
        "debug": "2.6.9",
        "encodeurl": "~1.0.2",
        "escape-html": "~1.0.3",
        "on-finished": "~2.3.0",
        "parseurl": "~1.3.3",
        "statuses": "~1.5.0",
        "unpipe": "~1.0.0"
      }
    },
    "forwarded": {
      "version": "0.2.0",
      "resolved": "http://af.hikvision.com.cn:80/artifactory/api/npm/npm-down/forwarded/-/forwarded-0.2.0.tgz",
      "integrity": "sha1-ImmTZCiq1MFcfr6XeahL8LKoGBE="
    },
    "fresh": {
      "version": "0.5.2",
      "resolved": "http://af.hikvision.com.cn:80/artifactory/api/npm/npm-down/fresh/-/fresh-0.5.2.tgz",
      "integrity": "sha1-PYyt2Q2XZWn6g1qx+OSyOhBWBac="
    },
    "fsevents": {
      "version": "2.3.2",
      "resolved": "http://af.hikvision.com.cn:80/artifactory/api/npm/npm-down/fsevents/-/fsevents-2.3.2.tgz",
      "integrity": "sha1-ilJveLj99GI7cJ4Ll1xSwkwC/Ro=",
      "dev": true,
      "optional": true
    },
    "function-bind": {
      "version": "1.1.1",
      "resolved": "http://af.hikvision.com.cn:80/artifactory/api/npm/npm-down/function-bind/-/function-bind-1.1.1.tgz",
      "integrity": "sha1-pWiZ0+o8m6uHS7l3O3xe3pL0iV0=",
      "dev": true
    },
    "has": {
      "version": "1.0.3",
      "resolved": "http://af.hikvision.com.cn:80/artifactory/api/npm/npm-down/has/-/has-1.0.3.tgz",
      "integrity": "sha1-ci18v8H2qoJB8W3YFOAR4fQeh5Y=",
      "dev": true,
      "requires": {
        "function-bind": "^1.1.1"
      }
    },
    "http-errors": {
      "version": "1.8.1",
      "resolved": "http://af.hikvision.com.cn:80/artifactory/api/npm/npm-down/http-errors/-/http-errors-1.8.1.tgz",
      "integrity": "sha1-fD8oV3y8iiBziEVdvWIpXtB71ow=",
      "requires": {
        "depd": "~1.1.2",
        "inherits": "2.0.4",
        "setprototypeof": "1.2.0",
        "statuses": ">= 1.5.0 < 2",
        "toidentifier": "1.0.1"
      }
    },
    "iconv-lite": {
      "version": "0.4.24",
      "resolved": "http://af.hikvision.com.cn:80/artifactory/api/npm/npm-down/iconv-lite/-/iconv-lite-0.4.24.tgz",
      "integrity": "sha1-ICK0sl+93CHS9SSXSkdKr+czkIs=",
      "requires": {
        "safer-buffer": ">= 2.1.2 < 3"
      }
    },
    "inherits": {
      "version": "2.0.4",
      "resolved": "http://af.hikvision.com.cn:80/artifactory/api/npm/npm-down/inherits/-/inherits-2.0.4.tgz",
      "integrity": "sha1-D6LGT5MpF8NDOg3tVTY6rjdBa3w="
    },
    "ipaddr.js": {
      "version": "1.9.1",
      "resolved": "http://af.hikvision.com.cn:80/artifactory/api/npm/npm-down/ipaddr.js/-/ipaddr.js-1.9.1.tgz",
      "integrity": "sha1-v/OFQ+64mEglB5/zoqjmy9RngbM="
    },
    "is-core-module": {
      "version": "2.8.1",
      "resolved": "http://af.hikvision.com.cn:80/artifactory/api/npm/npm-down/is-core-module/-/is-core-module-2.8.1.tgz",
      "integrity": "sha1-9Z/fynAdWHnQprEApAqhVgzichE=",
      "dev": true,
      "requires": {
        "has": "^1.0.3"
      }
    },
    "magic-string": {
      "version": "0.25.7",
      "resolved": "http://af.hikvision.com.cn:80/artifactory/api/npm/npm-down/magic-string/-/magic-string-0.25.7.tgz",
      "integrity": "sha1-P0l9b9NMZpxnmNy4IfLvMfVEUFE=",
      "requires": {
        "sourcemap-codec": "^1.4.4"
      }
    },
    "media-typer": {
      "version": "0.3.0",
      "resolved": "http://af.hikvision.com.cn:80/artifactory/api/npm/npm-down/media-typer/-/media-typer-0.3.0.tgz",
      "integrity": "sha1-hxDXrwqmJvj/+hzgAWhUUmMlV0g="
    },
    "merge-descriptors": {
      "version": "1.0.1",
      "resolved": "http://af.hikvision.com.cn:80/artifactory/api/npm/npm-down/merge-descriptors/-/merge-descriptors-1.0.1.tgz",
      "integrity": "sha1-sAqqVW3YtEVoFQ7J0blT8/kMu2E="
    },
    "methods": {
      "version": "1.1.2",
      "resolved": "http://af.hikvision.com.cn:80/artifactory/api/npm/npm-down/methods/-/methods-1.1.2.tgz",
      "integrity": "sha1-VSmk1nZUE07cxSZmVoNbD4Ua/O4="
    },
    "mime": {
      "version": "1.6.0",
      "resolved": "http://af.hikvision.com.cn:80/artifactory/api/npm/npm-down/mime/-/mime-1.6.0.tgz",
      "integrity": "sha1-Ms2eXGRVO9WNGaVor0Uqz/BJgbE="
    },
    "mime-db": {
      "version": "1.51.0",
      "resolved": "http://af.hikvision.com.cn:80/artifactory/api/npm/npm-down/mime-db/-/mime-db-1.51.0.tgz",
      "integrity": "sha1-2f9iRRhZsYNC2WCFDcPPt35j+ww="
    },
    "mime-types": {
      "version": "2.1.34",
      "resolved": "http://af.hikvision.com.cn:80/artifactory/api/npm/npm-down/mime-types/-/mime-types-2.1.34.tgz",
      "integrity": "sha1-WnEvnsFQNRGpRYA2QPr+CdN5PCQ=",
      "requires": {
        "mime-db": "1.51.0"
      }
    },
    "ms": {
      "version": "2.0.0",
      "resolved": "http://af.hikvision.com.cn:80/artifactory/api/npm/npm-down/ms/-/ms-2.0.0.tgz",
      "integrity": "sha1-VgiurfwAvmwpAd9fmGF4jeDVl8g="
    },
    "nanoid": {
      "version": "3.3.1",
      "resolved": "http://af.hikvision.com.cn:80/artifactory/api/npm/npm-down/nanoid/-/nanoid-3.3.1.tgz",
      "integrity": "sha1-Y0ehjKyIr4j1ivCzWUtyPV6ZuzU="
    },
    "negotiator": {
      "version": "0.6.3",
      "resolved": "http://af.hikvision.com.cn:80/artifactory/api/npm/npm-down/negotiator/-/negotiator-0.6.3.tgz",
      "integrity": "sha1-WOMjpy/twNb5zU0x/kn1FHlZDM0="
    },
    "on-finished": {
      "version": "2.3.0",
      "resolved": "http://af.hikvision.com.cn:80/artifactory/api/npm/npm-down/on-finished/-/on-finished-2.3.0.tgz",
      "integrity": "sha1-IPEzZIGwg811M3mSoWlxqi2QaUc=",
      "requires": {
        "ee-first": "1.1.1"
      }
    },
    "parseurl": {
      "version": "1.3.3",
      "resolved": "http://af.hikvision.com.cn:80/artifactory/api/npm/npm-down/parseurl/-/parseurl-1.3.3.tgz",
      "integrity": "sha1-naGee+6NEt/wUT7Vt2lXeTvC6NQ="
    },
    "path-parse": {
      "version": "1.0.7",
      "resolved": "http://af.hikvision.com.cn:80/artifactory/api/npm/npm-down/path-parse/-/path-parse-1.0.7.tgz",
      "integrity": "sha1-+8EUtgykKzDZ2vWFjkvWi77bZzU=",
      "dev": true
    },
    "path-to-regexp": {
      "version": "0.1.7",
      "resolved": "http://af.hikvision.com.cn:80/artifactory/api/npm/npm-down/path-to-regexp/-/path-to-regexp-0.1.7.tgz",
      "integrity": "sha1-32BBeABfUi8V60SQ5yR6G/qmf4w="
    },
    "picocolors": {
      "version": "1.0.0",
      "resolved": "http://af.hikvision.com.cn:80/artifactory/api/npm/npm-down/picocolors/-/picocolors-1.0.0.tgz",
      "integrity": "sha1-y1vcdP8/UYkiNur3nWi8RFZKuBw="
    },
    "postcss": {
      "version": "8.4.6",
      "resolved": "http://af.hikvision.com.cn:80/artifactory/api/npm/npm-down/postcss/-/postcss-8.4.6.tgz",
      "integrity": "sha1-xf88PEV6I4ZPMstFrJt0FJigmuE=",
      "requires": {
        "nanoid": "^3.2.0",
        "picocolors": "^1.0.0",
        "source-map-js": "^1.0.2"
      }
    },
    "proxy-addr": {
      "version": "2.0.7",
      "resolved": "http://af.hikvision.com.cn:80/artifactory/api/npm/npm-down/proxy-addr/-/proxy-addr-2.0.7.tgz",
      "integrity": "sha1-8Z/mnOqzEe65S0LnDowgcPm6ECU=",
      "requires": {
        "forwarded": "0.2.0",
        "ipaddr.js": "1.9.1"
      }
    },
    "qs": {
      "version": "6.9.7",
      "resolved": "http://af.hikvision.com.cn:80/artifactory/api/npm/npm-down/qs/-/qs-6.9.7.tgz",
      "integrity": "sha1-RhCEaHFIXh4Ej0SuO5QDPw5nWv4="
    },
    "range-parser": {
      "version": "1.2.1",
      "resolved": "http://af.hikvision.com.cn:80/artifactory/api/npm/npm-down/range-parser/-/range-parser-1.2.1.tgz",
      "integrity": "sha1-PPNwI9GZ4cJNGlW4SADC8+ZGgDE="
    },
    "raw-body": {
      "version": "2.4.3",
      "resolved": "http://af.hikvision.com.cn:80/artifactory/api/npm/npm-down/raw-body/-/raw-body-2.4.3.tgz",
      "integrity": "sha1-j4AwXRHCoKVFwtnYnXoChvzq1Dw=",
      "requires": {
        "bytes": "3.1.2",
        "http-errors": "1.8.1",
        "iconv-lite": "0.4.24",
        "unpipe": "1.0.0"
      }
    },
    "resolve": {
      "version": "1.22.0",
      "resolved": "http://af.hikvision.com.cn:80/artifactory/api/npm/npm-down/resolve/-/resolve-1.22.0.tgz",
      "integrity": "sha1-XguMZ8Fd9XqJvbq+YDoALyFzEZg=",
      "dev": true,
      "requires": {
        "is-core-module": "^2.8.1",
        "path-parse": "^1.0.7",
        "supports-preserve-symlinks-flag": "^1.0.0"
      }
    },
    "rollup": {
      "version": "2.67.2",
      "resolved": "http://af.hikvision.com.cn:80/artifactory/api/npm/npm-down/rollup/-/rollup-2.67.2.tgz",
      "integrity": "sha1-2V4V9gkyrSHgWocL0KoLI10FbwQ=",
      "dev": true,
      "requires": {
        "fsevents": "~2.3.2"
      }
    },
    "safe-buffer": {
      "version": "5.2.1",
      "resolved": "http://af.hikvision.com.cn:80/artifactory/api/npm/npm-down/safe-buffer/-/safe-buffer-5.2.1.tgz",
      "integrity": "sha1-Hq+fqb2x/dTsdfWPnNtOa3gn7sY="
    },
    "safer-buffer": {
      "version": "2.1.2",
      "resolved": "http://af.hikvision.com.cn:80/artifactory/api/npm/npm-down/safer-buffer/-/safer-buffer-2.1.2.tgz",
      "integrity": "sha1-RPoWGwGHuVSd2Eu5GAL5vYOFzWo="
    },
    "send": {
      "version": "0.17.2",
      "resolved": "http://af.hikvision.com.cn:80/artifactory/api/npm/npm-down/send/-/send-0.17.2.tgz",
      "integrity": "sha1-kmYi92YBxBgIASyL8WiP45BveCA=",
      "requires": {
        "debug": "2.6.9",
        "depd": "~1.1.2",
        "destroy": "~1.0.4",
        "encodeurl": "~1.0.2",
        "escape-html": "~1.0.3",
        "etag": "~1.8.1",
        "fresh": "0.5.2",
        "http-errors": "1.8.1",
        "mime": "1.6.0",
        "ms": "2.1.3",
        "on-finished": "~2.3.0",
        "range-parser": "~1.2.1",
        "statuses": "~1.5.0"
      },
      "dependencies": {
        "ms": {
          "version": "2.1.3",
          "resolved": "http://af.hikvision.com.cn:80/artifactory/api/npm/npm-down/ms/-/ms-2.1.3.tgz",
          "integrity": "sha1-V0yBOM4dK1hh8LRFedut1gxmFbI="
        }
      }
    },
    "serve-static": {
      "version": "1.14.2",
      "resolved": "http://af.hikvision.com.cn:80/artifactory/api/npm/npm-down/serve-static/-/serve-static-1.14.2.tgz",
      "integrity": "sha1-ci1ilLHWJibUG0OgE+zkWY0pK/o=",
      "requires": {
        "encodeurl": "~1.0.2",
        "escape-html": "~1.0.3",
        "parseurl": "~1.3.3",
        "send": "0.17.2"
      }
    },
    "setprototypeof": {
      "version": "1.2.0",
      "resolved": "http://af.hikvision.com.cn:80/artifactory/api/npm/npm-down/setprototypeof/-/setprototypeof-1.2.0.tgz",
      "integrity": "sha1-ZsmiSnP5/CjL5msJ/tPTPcrxtCQ="
    },
    "source-map": {
      "version": "0.6.1",
      "resolved": "http://af.hikvision.com.cn:80/artifactory/api/npm/npm-down/source-map/-/source-map-0.6.1.tgz",
      "integrity": "sha1-dHIq8y6WFOnCh6jQu95IteLxomM="
    },
    "source-map-js": {
      "version": "1.0.2",
      "resolved": "http://af.hikvision.com.cn:80/artifactory/api/npm/npm-down/source-map-js/-/source-map-js-1.0.2.tgz",
      "integrity": "sha1-rbw2HZxi3zgBJefxYfccgm8eSQw="
    },
    "sourcemap-codec": {
      "version": "1.4.8",
      "resolved": "http://af.hikvision.com.cn:80/artifactory/api/npm/npm-down/sourcemap-codec/-/sourcemap-codec-1.4.8.tgz",
      "integrity": "sha1-6oBL2UhXQC5pktBaOO8a41qatMQ="
    },
    "statuses": {
      "version": "1.5.0",
      "resolved": "http://af.hikvision.com.cn:80/artifactory/api/npm/npm-down/statuses/-/statuses-1.5.0.tgz",
      "integrity": "sha1-Fhx9rBd2Wf2YEfQ3cfqZOBR4Yow="
    },
    "supports-preserve-symlinks-flag": {
      "version": "1.0.0",
      "resolved": "http://af.hikvision.com.cn:80/artifactory/api/npm/npm-down/supports-preserve-symlinks-flag/-/supports-preserve-symlinks-flag-1.0.0.tgz",
      "integrity": "sha1-btpL00SjyUrqN21MwxvHcxEDngk=",
      "dev": true
    },
    "three": {
      "version": "0.138.2",
      "resolved": "http://af.hikvision.com.cn:80/artifactory/api/npm/npm-down/three/-/three-0.138.2.tgz",
      "integrity": "sha1-lGx8VQtY4WYGNDzsDkRxXohlwE4="
    },
    "toidentifier": {
      "version": "1.0.1",
      "resolved": "http://af.hikvision.com.cn:80/artifactory/api/npm/npm-down/toidentifier/-/toidentifier-1.0.1.tgz",
      "integrity": "sha1-O+NDIaiKgg7RvYDfqjPkefu43TU="
    },
    "type-is": {
      "version": "1.6.18",
      "resolved": "http://af.hikvision.com.cn:80/artifactory/api/npm/npm-down/type-is/-/type-is-1.6.18.tgz",
      "integrity": "sha1-TlUs0F3wlGfcvE73Od6J8s83wTE=",
      "requires": {
        "media-typer": "0.3.0",
        "mime-types": "~2.1.24"
      }
    },
    "unpipe": {
      "version": "1.0.0",
      "resolved": "http://af.hikvision.com.cn:80/artifactory/api/npm/npm-down/unpipe/-/unpipe-1.0.0.tgz",
      "integrity": "sha1-sr9O6FFKrmFltIF4KdIbLvSZBOw="
    },
    "utils-merge": {
      "version": "1.0.1",
      "resolved": "http://af.hikvision.com.cn:80/artifactory/api/npm/npm-down/utils-merge/-/utils-merge-1.0.1.tgz",
      "integrity": "sha1-n5VxD1CiZ5R7LMwSR0HBAoQn5xM="
    },
    "vary": {
      "version": "1.1.2",
      "resolved": "http://af.hikvision.com.cn:80/artifactory/api/npm/npm-down/vary/-/vary-1.1.2.tgz",
      "integrity": "sha1-IpnwLG3tMNSllhsLn3RSShj2NPw="
    },
    "vite": {
      "version": "2.8.3",
      "resolved": "http://af.hikvision.com.cn:80/artifactory/api/npm/npm-down/vite/-/vite-2.8.3.tgz",
      "integrity": "sha1-u5t/HxRG0uU46BAm9I0v6fGSaWM=",
      "dev": true,
      "requires": {
        "esbuild": "^0.14.14",
        "fsevents": "~2.3.2",
        "postcss": "^8.4.6",
        "resolve": "^1.22.0",
        "rollup": "^2.59.0"
      }
    },
    "vue": {
      "version": "3.2.31",
      "resolved": "http://af.hikvision.com.cn:80/artifactory/api/npm/npm-down/vue/-/vue-3.2.31.tgz",
      "integrity": "sha1-4MSZJDNenxiDUoFniKTMoQ+BfOY=",
      "requires": {
        "@vue/compiler-dom": "3.2.31",
        "@vue/compiler-sfc": "3.2.31",
        "@vue/runtime-dom": "3.2.31",
        "@vue/server-renderer": "3.2.31",
        "@vue/shared": "3.2.31"
      }
    },
    "vue-router": {
      "version": "4.0.12",
      "resolved": "http://af.hikvision.com.cn:80/artifactory/api/npm/npm-down/vue-router/-/vue-router-4.0.12.tgz",
      "integrity": "sha1-jceSzd9bsavMOQj5BkE23n4TxGA=",
      "requires": {
        "@vue/devtools-api": "^6.0.0-beta.18"
      }
    },
    "vuex": {
      "version": "4.0.2",
      "resolved": "http://af.hikvision.com.cn:80/artifactory/api/npm/npm-down/vuex/-/vuex-4.0.2.tgz",
      "integrity": "sha1-+Jbb1b8qDpY/AMZ+m2EN50nMrMk=",
      "requires": {
        "@vue/devtools-api": "^6.0.0-beta.11"
      }
    }
  }
}
